{
  "originHash" : "329855dbc0943bdd8f9494862b17ade3ff3f72e8424ac224c4754c95304d15c1",
  "pins" : [
    {
      "identity" : "hero",
      "kind" : "remoteSourceControl",
      "location" : "https://github.com/HeroTransitions/Hero.git",
      "state" : {
        "revision" : "670b81ed3d95f7183bbc009d0ec67c71506557b5",
        "version" : "1.6.4"
      }
    }
  ],
  "version" : 3
}
